{
    "name": "pinata-upload-script",
    "version": "1.0.0",
    "lockfileVersion": 3,
    "requires": true,
    "packages": {
        "": {
            "name": "pinata-upload-script",
            "version": "1.0.0",
            "license": "MIT",
            "dependencies": {
                "dotenv": "^16.5.0",
                "pinata": "^1.0.0"
            },
            "devDependencies": {
                "@types/node": "^20.0.0",
                "ts-node": "^10.9.0",
                "typescript": "^5.0.0"
            }
        },
        "node_modules/@chainsafe/is-ip": {
            "version": "2.1.0",
            "resolved": "https://registry.npmjs.org/@chainsafe/is-ip/-/is-ip-2.1.0.tgz",
            "integrity": "sha512-KIjt+6IfysQ4GCv66xihEitBjvhU/bixbbbFxdJ1sqCp4uJ0wuZiYBPhksZoy4lfaF0k9cwNzY5upEW/VWdw3w==",
            "license": "MIT"
        },
        "node_modules/@chainsafe/netmask": {
            "version": "2.0.0",
            "resolved": "https://registry.npmjs.org/@chainsafe/netmask/-/netmask-2.0.0.tgz",
            "integrity": "sha512-I3Z+6SWUoaljh3TBzCnCxjlUyN8tA+NAk5L6m9IxvCf1BENQTePzPMis97CoN/iMW1St3WN+AWCCRp+TTBRiDg==",
            "license": "MIT",
            "dependencies": {
                "@chainsafe/is-ip": "^2.0.1"
            }
        },
        "node_modules/@cspotcode/source-map-support": {
            "version": "0.8.1",
            "resolved": "https://registry.npmjs.org/@cspotcode/source-map-support/-/source-map-support-0.8.1.tgz",
            "integrity": "sha512-IchNf6dN4tHoMFIn/7OE8LWZ19Y6q/67Bmf6vnGREv8RSbBVb9LPJxEcnwrcwX6ixSvaiGoomAUvu4YSxXrVgw==",
            "dev": true,
            "license": "MIT",
            "dependencies": {
                "@jridgewell/trace-mapping": "0.3.9"
            },
            "engines": {
                "node": ">=12"
            }
        },
        "node_modules/@jridgewell/resolve-uri": {
            "version": "3.1.2",
            "resolved": "https://registry.npmjs.org/@jridgewell/resolve-uri/-/resolve-uri-3.1.2.tgz",
            "integrity": "sha512-bRISgCIjP20/tbWSPWMEi54QVPRZExkuD9lJL+UIxUKtwVJA8wW1Trb1jMs1RFXo1CBTNZ/5hpC9QvmKWdopKw==",
            "dev": true,
            "license": "MIT",
            "engines": {
                "node": ">=6.0.0"
            }
        },
        "node_modules/@jridgewell/sourcemap-codec": {
            "version": "1.5.0",
            "resolved": "https://registry.npmjs.org/@jridgewell/sourcemap-codec/-/sourcemap-codec-1.5.0.tgz",
            "integrity": "sha512-gv3ZRaISU3fjPAgNsriBRqGWQL6quFx04YMPW/zD8XMLsU32mhCCbfbO6KZFLjvYpCZ8zyDEgqsgf+PwPaM7GQ==",
            "dev": true,
            "license": "MIT"
        },
        "node_modules/@jridgewell/trace-mapping": {
            "version": "0.3.9",
            "resolved": "https://registry.npmjs.org/@jridgewell/trace-mapping/-/trace-mapping-0.3.9.tgz",
            "integrity": "sha512-3Belt6tdc8bPgAtbcmdtNJlirVoTmEb5e2gC94PnkwEW9jI6CAHUeoG85tjWP5WquqfavoMtMwiG4P926ZKKuQ==",
            "dev": true,
            "license": "MIT",
            "dependencies": {
                "@jridgewell/resolve-uri": "^3.0.3",
                "@jridgewell/sourcemap-codec": "^1.4.10"
            }
        },
        "node_modules/@leichtgewicht/ip-codec": {
            "version": "2.0.5",
            "resolved": "https://registry.npmjs.org/@leichtgewicht/ip-codec/-/ip-codec-2.0.5.tgz",
            "integrity": "sha512-Vo+PSpZG2/fmgmiNzYK9qWRh8h/CHrwD0mo1h1DzL4yzHNSfWYujGTYsWGreD000gcgmZ7K4Ys6Tx9TxtsKdDw==",
            "license": "MIT"
        },
        "node_modules/@multiformats/dns": {
            "version": "1.0.6",
            "resolved": "https://registry.npmjs.org/@multiformats/dns/-/dns-1.0.6.tgz",
            "integrity": "sha512-nt/5UqjMPtyvkG9BQYdJ4GfLK3nMqGpFZOzf4hAmIa0sJh2LlS9YKXZ4FgwBDsaHvzZqR/rUFIywIc7pkHNNuw==",
            "license": "Apache-2.0 OR MIT",
            "dependencies": {
                "@types/dns-packet": "^5.6.5",
                "buffer": "^6.0.3",
                "dns-packet": "^5.6.1",
                "hashlru": "^2.3.0",
                "p-queue": "^8.0.1",
                "progress-events": "^1.0.0",
                "uint8arrays": "^5.0.2"
            }
        },
        "node_modules/@multiformats/mafmt": {
            "version": "12.1.6",
            "resolved": "https://registry.npmjs.org/@multiformats/mafmt/-/mafmt-12.1.6.tgz",
            "integrity": "sha512-tlJRfL21X+AKn9b5i5VnaTD6bNttpSpcqwKVmDmSHLwxoz97fAHaepqFOk/l1fIu94nImIXneNbhsJx/RQNIww==",
            "license": "Apache-2.0 OR MIT",
            "dependencies": {
                "@multiformats/multiaddr": "^12.0.0"
            }
        },
        "node_modules/@multiformats/multiaddr": {
            "version": "12.5.0",
            "resolved": "https://registry.npmjs.org/@multiformats/multiaddr/-/multiaddr-12.5.0.tgz",
            "integrity": "sha512-MyxvubZklr2qnCTmmMF7cYK1sJ9WosRleOI++XOyPEJb/9kP3r9cLcb0JR7ddkBwKuh2IkaMEVuP00OdgCjcJQ==",
            "license": "Apache-2.0 OR MIT",
            "dependencies": {
                "@chainsafe/is-ip": "^2.0.1",
                "@chainsafe/netmask": "^2.0.0",
                "@multiformats/dns": "^1.0.3",
                "abort-error": "^1.0.1",
                "multiformats": "^13.0.0",
                "uint8-varint": "^2.0.1",
                "uint8arrays": "^5.0.0"
            }
        },
        "node_modules/@tsconfig/node10": {
            "version": "1.0.11",
            "resolved": "https://registry.npmjs.org/@tsconfig/node10/-/node10-1.0.11.tgz",
            "integrity": "sha512-DcRjDCujK/kCk/cUe8Xz8ZSpm8mS3mNNpta+jGCA6USEDfktlNvm1+IuZ9eTcDbNk41BHwpHHeW+N1lKCz4zOw==",
            "dev": true,
            "license": "MIT"
        },
        "node_modules/@tsconfig/node12": {
            "version": "1.0.11",
            "resolved": "https://registry.npmjs.org/@tsconfig/node12/-/node12-1.0.11.tgz",
            "integrity": "sha512-cqefuRsh12pWyGsIoBKJA9luFu3mRxCA+ORZvA4ktLSzIuCUtWVxGIuXigEwO5/ywWFMZ2QEGKWvkZG1zDMTag==",
            "dev": true,
            "license": "MIT"
        },
        "node_modules/@tsconfig/node14": {
            "version": "1.0.3",
            "resolved": "https://registry.npmjs.org/@tsconfig/node14/-/node14-1.0.3.tgz",
            "integrity": "sha512-ysT8mhdixWK6Hw3i1V2AeRqZ5WfXg1G43mqoYlM2nc6388Fq5jcXyr5mRsqViLx/GJYdoL0bfXD8nmF+Zn/Iow==",
            "dev": true,
            "license": "MIT"
        },
        "node_modules/@tsconfig/node16": {
            "version": "1.0.4",
            "resolved": "https://registry.npmjs.org/@tsconfig/node16/-/node16-1.0.4.tgz",
            "integrity": "sha512-vxhUy4J8lyeyinH7Azl1pdd43GJhZH/tP2weN8TntQblOY+A0XbT8DJk1/oCPuOOyg/Ja757rG0CgHcWC8OfMA==",
            "dev": true,
            "license": "MIT"
        },
        "node_modules/@types/dns-packet": {
            "version": "5.6.5",
            "resolved": "https://registry.npmjs.org/@types/dns-packet/-/dns-packet-5.6.5.tgz",
            "integrity": "sha512-qXOC7XLOEe43ehtWJCMnQXvgcIpv6rPmQ1jXT98Ad8A3TB1Ue50jsCbSSSyuazScEuZ/Q026vHbrOTVkmwA+7Q==",
            "license": "MIT",
            "dependencies": {
                "@types/node": "*"
            }
        },
        "node_modules/@types/node": {
            "version": "20.19.1",
            "resolved": "https://registry.npmjs.org/@types/node/-/node-20.19.1.tgz",
            "integrity": "sha512-jJD50LtlD2dodAEO653i3YF04NWak6jN3ky+Ri3Em3mGR39/glWiboM/IePaRbgwSfqM1TpGXfAg8ohn/4dTgA==",
            "license": "MIT",
            "dependencies": {
                "undici-types": "~6.21.0"
            }
        },
        "node_modules/abort-error": {
            "version": "1.0.1",
            "resolved": "https://registry.npmjs.org/abort-error/-/abort-error-1.0.1.tgz",
            "integrity": "sha512-fxqCblJiIPdSXIUrxI0PL+eJG49QdP9SQ70qtB65MVAoMr2rASlOyAbJFOylfB467F/f+5BCLJJq58RYi7mGfg==",
            "license": "Apache-2.0 OR MIT"
        },
        "node_modules/acorn": {
            "version": "8.15.0",
            "resolved": "https://registry.npmjs.org/acorn/-/acorn-8.15.0.tgz",
            "integrity": "sha512-NZyJarBfL7nWwIq+FDL6Zp/yHEhePMNnnJ0y3qfieCrmNvYct8uvtiV41UvlSe6apAfk0fY1FbWx+NwfmpvtTg==",
            "dev": true,
            "license": "MIT",
            "bin": {
                "acorn": "bin/acorn"
            },
            "engines": {
                "node": ">=0.4.0"
            }
        },
        "node_modules/acorn-walk": {
            "version": "8.3.4",
            "resolved": "https://registry.npmjs.org/acorn-walk/-/acorn-walk-8.3.4.tgz",
            "integrity": "sha512-ueEepnujpqee2o5aIYnvHU6C0A42MNdsIDeqy5BydrkuC5R1ZuUFnm27EeFJGoEHJQgn3uleRvmTXaJgfXbt4g==",
            "dev": true,
            "license": "MIT",
            "dependencies": {
                "acorn": "^8.11.0"
            },
            "engines": {
                "node": ">=0.4.0"
            }
        },
        "node_modules/arg": {
            "version": "4.1.3",
            "resolved": "https://registry.npmjs.org/arg/-/arg-4.1.3.tgz",
            "integrity": "sha512-58S9QDqG0Xx27YwPSt9fJxivjYl432YCwfDMfZ+71RAqUrZef7LrKQZ3LHLOwCS4FLNBplP533Zx895SeOCHvA==",
            "dev": true,
            "license": "MIT"
        },
        "node_modules/base64-js": {
            "version": "1.5.1",
            "resolved": "https://registry.npmjs.org/base64-js/-/base64-js-1.5.1.tgz",
            "integrity": "sha512-AKpaYlHn8t4SVbOHCy+b5+KKgvR4vrsD8vbvrbiQJps7fKDTkjkDry6ji0rUJjC0kzbNePLwzxq8iypo41qeWA==",
            "funding": [
                {
                    "type": "github",
                    "url": "https://github.com/sponsors/feross"
                },
                {
                    "type": "patreon",
                    "url": "https://www.patreon.com/feross"
                },
                {
                    "type": "consulting",
                    "url": "https://feross.org/support"
                }
            ],
            "license": "MIT"
        },
        "node_modules/buffer": {
            "version": "6.0.3",
            "resolved": "https://registry.npmjs.org/buffer/-/buffer-6.0.3.tgz",
            "integrity": "sha512-FTiCpNxtwiZZHEZbcbTIcZjERVICn9yq/pDFkTl95/AxzD1naBctN7YO68riM/gLSDY7sdrMby8hofADYuuqOA==",
            "funding": [
                {
                    "type": "github",
                    "url": "https://github.com/sponsors/feross"
                },
                {
                    "type": "patreon",
                    "url": "https://www.patreon.com/feross"
                },
                {
                    "type": "consulting",
                    "url": "https://feross.org/support"
                }
            ],
            "license": "MIT",
            "dependencies": {
                "base64-js": "^1.3.1",
                "ieee754": "^1.2.1"
            }
        },
        "node_modules/create-require": {
            "version": "1.1.1",
            "resolved": "https://registry.npmjs.org/create-require/-/create-require-1.1.1.tgz",
            "integrity": "sha512-dcKFX3jn0MpIaXjisoRvexIJVEKzaq7z2rZKxf+MSr9TkdmHmsU4m2lcLojrj/FHl8mk5VxMmYA+ftRkP/3oKQ==",
            "dev": true,
            "license": "MIT"
        },
        "node_modules/data-uri-to-buffer": {
            "version": "4.0.1",
            "resolved": "https://registry.npmjs.org/data-uri-to-buffer/-/data-uri-to-buffer-4.0.1.tgz",
            "integrity": "sha512-0R9ikRb668HB7QDxT1vkpuUBtqc53YyAwMwGeUFKRojY/NWKvdZ+9UYtRfGmhqNbRkTSVpMbmyhXipFFv2cb/A==",
            "license": "MIT",
            "engines": {
                "node": ">= 12"
            }
        },
        "node_modules/dns-packet": {
            "version": "5.6.1",
            "resolved": "https://registry.npmjs.org/dns-packet/-/dns-packet-5.6.1.tgz",
            "integrity": "sha512-l4gcSouhcgIKRvyy99RNVOgxXiicE+2jZoNmaNmZ6JXiGajBOJAesk1OBlJuM5k2c+eudGdLxDqXuPCKIj6kpw==",
            "license": "MIT",
            "dependencies": {
                "@leichtgewicht/ip-codec": "^2.0.1"
            },
            "engines": {
                "node": ">=6"
            }
        },
        "node_modules/dotenv": {
            "version": "16.5.0",
            "resolved": "https://registry.npmjs.org/dotenv/-/dotenv-16.5.0.tgz",
            "integrity": "sha512-m/C+AwOAr9/W1UOIZUo232ejMNnJAJtYQjUbHoNTBNTJSvqzzDh7vnrei3o3r3m9blf6ZoDkvcw0VmozNRFJxg==",
            "license": "BSD-2-Clause",
            "engines": {
                "node": ">=12"
            },
            "funding": {
                "url": "https://dotenvx.com"
            }
        },
        "node_modules/eventemitter3": {
            "version": "5.0.1",
            "resolved": "https://registry.npmjs.org/eventemitter3/-/eventemitter3-5.0.1.tgz",
            "integrity": "sha512-GWkBvjiSZK87ELrYOSESUYeVIc9mvLLf/nXalMOS5dYrgZq9o5OVkbZAVM06CVxYsCwH9BDZFPlQTlPA1j4ahA==",
            "license": "MIT"
        },
        "node_modules/fetch-blob": {
            "version": "3.2.0",
            "resolved": "https://registry.npmjs.org/fetch-blob/-/fetch-blob-3.2.0.tgz",
            "integrity": "sha512-7yAQpD2UMJzLi1Dqv7qFYnPbaPx7ZfFK6PiIxQ4PfkGPyNyl2Ugx+a/umUonmKqjhM4DnfbMvdX6otXq83soQQ==",
            "funding": [
                {
                    "type": "github",
                    "url": "https://github.com/sponsors/jimmywarting"
                },
                {
                    "type": "paypal",
                    "url": "https://paypal.me/jimmywarting"
                }
            ],
            "license": "MIT",
            "dependencies": {
                "node-domexception": "^1.0.0",
                "web-streams-polyfill": "^3.0.3"
            },
            "engines": {
                "node": "^12.20 || >= 14.13"
            }
        },
        "node_modules/formdata-polyfill": {
            "version": "4.0.10",
            "resolved": "https://registry.npmjs.org/formdata-polyfill/-/formdata-polyfill-4.0.10.tgz",
            "integrity": "sha512-buewHzMvYL29jdeQTVILecSaZKnt/RJWjoZCF5OW60Z67/GmSLBkOFM7qh1PI3zFNtJbaZL5eQu1vLfazOwj4g==",
            "license": "MIT",
            "dependencies": {
                "fetch-blob": "^3.1.2"
            },
            "engines": {
                "node": ">=12.20.0"
            }
        },
        "node_modules/hashlru": {
            "version": "2.3.0",
            "resolved": "https://registry.npmjs.org/hashlru/-/hashlru-2.3.0.tgz",
            "integrity": "sha512-0cMsjjIC8I+D3M44pOQdsy0OHXGLVz6Z0beRuufhKa0KfaD2wGwAev6jILzXsd3/vpnNQJmWyZtIILqM1N+n5A==",
            "license": "MIT"
        },
        "node_modules/ieee754": {
            "version": "1.2.1",
            "resolved": "https://registry.npmjs.org/ieee754/-/ieee754-1.2.1.tgz",
            "integrity": "sha512-dcyqhDvX1C46lXZcVqCpK+FtMRQVdIMN6/Df5js2zouUsqG7I6sFxitIC+7KYK29KdXOLHdu9zL4sFnoVQnqaA==",
            "funding": [
                {
                    "type": "github",
                    "url": "https://github.com/sponsors/feross"
                },
                {
                    "type": "patreon",
                    "url": "https://www.patreon.com/feross"
                },
                {
                    "type": "consulting",
                    "url": "https://feross.org/support"
                }
            ],
            "license": "BSD-3-Clause"
        },
        "node_modules/is-ipfs": {
            "version": "8.0.4",
            "resolved": "https://registry.npmjs.org/is-ipfs/-/is-ipfs-8.0.4.tgz",
            "integrity": "sha512-upkO6a8WgBSZMMmuPzmF2NQLWXtiJtHxdEfEiMWrOzCKoZ+XEiM0XlK4fFMfo/PyiRmPMJ4PsNrXyvJeqMrJXA==",
            "license": "Apache-2.0 OR MIT",
            "dependencies": {
                "@multiformats/mafmt": "^12.1.6",
                "@multiformats/multiaddr": "^12.1.14",
                "iso-url": "^1.1.3",
                "multiformats": "^13.0.1",
                "uint8arrays": "^5.0.1"
            },
            "engines": {
                "node": ">=16.0.0",
                "npm": ">=7.0.0"
            }
        },
        "node_modules/iso-url": {
            "version": "1.2.1",
            "resolved": "https://registry.npmjs.org/iso-url/-/iso-url-1.2.1.tgz",
            "integrity": "sha512-9JPDgCN4B7QPkLtYAAOrEuAWvP9rWvR5offAr0/SeF046wIkglqH3VXgYYP6NcsKslH80UIVgmPqNe3j7tG2ng==",
            "license": "MIT",
            "engines": {
                "node": ">=12"
            }
        },
        "node_modules/make-error": {
            "version": "1.3.6",
            "resolved": "https://registry.npmjs.org/make-error/-/make-error-1.3.6.tgz",
            "integrity": "sha512-s8UhlNe7vPKomQhC1qFelMokr/Sc3AgNbso3n74mVPA5LTZwkB9NlXf4XPamLxJE8h0gh73rM94xvwRT2CVInw==",
            "dev": true,
            "license": "ISC"
        },
        "node_modules/multiformats": {
            "version": "13.3.7",
            "resolved": "https://registry.npmjs.org/multiformats/-/multiformats-13.3.7.tgz",
            "integrity": "sha512-meL9DERHj+fFVWoOX9fXqfcYcSpUfSYJPcFvDPKrxitICbwAoWR+Ut4j5NO9zAT917HUHLQmqzQbAsGNHlDcxQ==",
            "license": "Apache-2.0 OR MIT"
        },
        "node_modules/node-domexception": {
            "version": "1.0.0",
            "resolved": "https://registry.npmjs.org/node-domexception/-/node-domexception-1.0.0.tgz",
            "integrity": "sha512-/jKZoMpw0F8GRwl4/eLROPA3cfcXtLApP0QzLmUT/HuPCZWyB7IY9ZrMeKw2O/nFIqPQB3PVM9aYm0F312AXDQ==",
            "deprecated": "Use your platform's native DOMException instead",
            "funding": [
                {
                    "type": "github",
                    "url": "https://github.com/sponsors/jimmywarting"
                },
                {
                    "type": "github",
                    "url": "https://paypal.me/jimmywarting"
                }
            ],
            "license": "MIT",
            "engines": {
                "node": ">=10.5.0"
            }
        },
        "node_modules/node-fetch": {
            "version": "3.3.2",
            "resolved": "https://registry.npmjs.org/node-fetch/-/node-fetch-3.3.2.tgz",
            "integrity": "sha512-dRB78srN/l6gqWulah9SrxeYnxeddIG30+GOqK/9OlLVyLg3HPnr6SqOWTWOXKRwC2eGYCkZ59NNuSgvSrpgOA==",
            "license": "MIT",
            "dependencies": {
                "data-uri-to-buffer": "^4.0.0",
                "fetch-blob": "^3.1.4",
                "formdata-polyfill": "^4.0.10"
            },
            "engines": {
                "node": "^12.20.0 || ^14.13.1 || >=16.0.0"
            },
            "funding": {
                "type": "opencollective",
                "url": "https://opencollective.com/node-fetch"
            }
        },
        "node_modules/p-queue": {
            "version": "8.1.0",
            "resolved": "https://registry.npmjs.org/p-queue/-/p-queue-8.1.0.tgz",
            "integrity": "sha512-mxLDbbGIBEXTJL0zEx8JIylaj3xQ7Z/7eEVjcF9fJX4DBiH9oqe+oahYnlKKxm0Ci9TlWTyhSHgygxMxjIB2jw==",
            "license": "MIT",
            "dependencies": {
                "eventemitter3": "^5.0.1",
                "p-timeout": "^6.1.2"
            },
            "engines": {
                "node": ">=18"
            },
            "funding": {
                "url": "https://github.com/sponsors/sindresorhus"
            }
        },
        "node_modules/p-timeout": {
            "version": "6.1.4",
            "resolved": "https://registry.npmjs.org/p-timeout/-/p-timeout-6.1.4.tgz",
            "integrity": "sha512-MyIV3ZA/PmyBN/ud8vV9XzwTrNtR4jFrObymZYnZqMmW0zA8Z17vnT0rBgFE/TlohB+YCHqXMgZzb3Csp49vqg==",
            "license": "MIT",
            "engines": {
                "node": ">=14.16"
            },
            "funding": {
                "url": "https://github.com/sponsors/sindresorhus"
            }
        },
        "node_modules/pinata": {
            "version": "1.10.1",
            "resolved": "https://registry.npmjs.org/pinata/-/pinata-1.10.1.tgz",
            "integrity": "sha512-/nB9C7zCEnC5YW+deO5FGX5RizSN23JXvbUdDLfzgwtKj4m5JC8ScuLkQ+iirfvpPQGQFQ/X5mR3aC/npTjFDA==",
            "license": "MIT",
            "dependencies": {
                "is-ipfs": "^8.0.4",
                "node-fetch": "^3.3.1"
            }
        },
        "node_modules/progress-events": {
            "version": "1.0.1",
            "resolved": "https://registry.npmjs.org/progress-events/-/progress-events-1.0.1.tgz",
            "integrity": "sha512-MOzLIwhpt64KIVN64h1MwdKWiyKFNc/S6BoYKPIVUHFg0/eIEyBulhWCgn678v/4c0ri3FdGuzXymNCv02MUIw==",
            "license": "Apache-2.0 OR MIT"
        },
        "node_modules/ts-node": {
            "version": "10.9.2",
            "resolved": "https://registry.npmjs.org/ts-node/-/ts-node-10.9.2.tgz",
            "integrity": "sha512-f0FFpIdcHgn8zcPSbf1dRevwt047YMnaiJM3u2w2RewrB+fob/zePZcrOyQoLMMO7aBIddLcQIEK5dYjkLnGrQ==",
            "dev": true,
            "license": "MIT",
            "dependencies": {
                "@cspotcode/source-map-support": "^0.8.0",
                "@tsconfig/node10": "^1.0.7",
                "@tsconfig/node12": "^1.0.7",
                "@tsconfig/node14": "^1.0.0",
                "@tsconfig/node16": "^1.0.2",
                "acorn": "^8.4.1",
                "acorn-walk": "^8.1.1",
                "arg": "^4.1.0",
                "create-require": "^1.1.0",
                "diff": "^4.0.1",
                "make-error": "^1.1.1",
                "v8-compile-cache-lib": "^3.0.1",
                "yn": "3.1.1"
            },
            "bin": {
                "ts-node": "dist/bin.js",
                "ts-node-cwd": "dist/bin-cwd.js",
                "ts-node-esm": "dist/bin-esm.js",
                "ts-node-script": "dist/bin-script.js",
                "ts-node-transpile-only": "dist/bin-transpile.js",
                "ts-script": "dist/bin-script-deprecated.js"
            },
            "peerDependencies": {
                "@swc/core": ">=1.2.50",
                "@swc/wasm": ">=1.2.50",
                "@types/node": "*",
                "typescript": ">=2.7"
            },
            "peerDependenciesMeta": {
                "@swc/core": {
                    "optional": true
                },
                "@swc/wasm": {
                    "optional": true
                }
            }
        },
        "node_modules/ts-node/node_modules/diff": {
            "version": "4.0.2",
            "resolved": "https://registry.npmjs.org/diff/-/diff-4.0.2.tgz",
            "integrity": "sha512-58lmxKSA4BNyLz+HHMUzlOEpg09FV+ev6ZMe3vJihgdxzgcwZ8VoEEPmALCZG9LmqfVoNMMKpttIYTVG6uDY7A==",
            "dev": true,
            "license": "BSD-3-Clause",
            "engines": {
                "node": ">=0.3.1"
            }
        },
        "node_modules/typescript": {
            "version": "5.8.3",
            "resolved": "https://registry.npmjs.org/typescript/-/typescript-5.8.3.tgz",
            "integrity": "sha512-p1diW6TqL9L07nNxvRMM7hMMw4c5XOo/1ibL4aAIGmSAt9slTE1Xgw5KWuof2uTOvCg9BY7ZRi+GaF+7sfgPeQ==",
            "dev": true,
            "license": "Apache-2.0",
            "bin": {
                "tsc": "bin/tsc",
                "tsserver": "bin/tsserver"
            },
            "engines": {
                "node": ">=14.17"
            }
        },
        "node_modules/uint8-varint": {
            "version": "2.0.4",
            "resolved": "https://registry.npmjs.org/uint8-varint/-/uint8-varint-2.0.4.tgz",
            "integrity": "sha512-FwpTa7ZGA/f/EssWAb5/YV6pHgVF1fViKdW8cWaEarjB8t7NyofSWBdOTyFPaGuUG4gx3v1O3PQ8etsiOs3lcw==",
            "license": "Apache-2.0 OR MIT",
            "dependencies": {
                "uint8arraylist": "^2.0.0",
                "uint8arrays": "^5.0.0"
            }
        },
        "node_modules/uint8arraylist": {
            "version": "2.4.8",
            "resolved": "https://registry.npmjs.org/uint8arraylist/-/uint8arraylist-2.4.8.tgz",
            "integrity": "sha512-vc1PlGOzglLF0eae1M8mLRTBivsvrGsdmJ5RbK3e+QRvRLOZfZhQROTwH/OfyF3+ZVUg9/8hE8bmKP2CvP9quQ==",
            "license": "Apache-2.0 OR MIT",
            "dependencies": {
                "uint8arrays": "^5.0.1"
            }
        },
        "node_modules/uint8arrays": {
            "version": "5.1.0",
            "resolved": "https://registry.npmjs.org/uint8arrays/-/uint8arrays-5.1.0.tgz",
            "integrity": "sha512-vA6nFepEmlSKkMBnLBaUMVvAC4G3CTmO58C12y4sq6WPDOR7mOFYOi7GlrQ4djeSbP6JG9Pv9tJDM97PedRSww==",
            "license": "Apache-2.0 OR MIT",
            "dependencies": {
                "multiformats": "^13.0.0"
            }
        },
        "node_modules/undici-types": {
            "version": "6.21.0",
            "resolved": "https://registry.npmjs.org/undici-types/-/undici-types-6.21.0.tgz",
            "integrity": "sha512-iwDZqg0QAGrg9Rav5H4n0M64c3mkR59cJ6wQp+7C4nI0gsmExaedaYLNO44eT4AtBBwjbTiGPMlt2Md0T9H9JQ==",
            "license": "MIT"
        },
        "node_modules/v8-compile-cache-lib": {
            "version": "3.0.1",
            "resolved": "https://registry.npmjs.org/v8-compile-cache-lib/-/v8-compile-cache-lib-3.0.1.tgz",
            "integrity": "sha512-wa7YjyUGfNZngI/vtK0UHAN+lgDCxBPCylVXGp0zu59Fz5aiGtNXaq3DhIov063MorB+VfufLh3JlF2KdTK3xg==",
            "dev": true,
            "license": "MIT"
        },
        "node_modules/web-streams-polyfill": {
            "version": "3.3.3",
            "resolved": "https://registry.npmjs.org/web-streams-polyfill/-/web-streams-polyfill-3.3.3.tgz",
            "integrity": "sha512-d2JWLCivmZYTSIoge9MsgFCZrt571BikcWGYkjC1khllbTeDlGqZ2D8vD8E/lJa8WGWbb7Plm8/XJYV7IJHZZw==",
            "license": "MIT",
            "engines": {
                "node": ">= 8"
            }
        },
        "node_modules/yn": {
            "version": "3.1.1",
            "resolved": "https://registry.npmjs.org/yn/-/yn-3.1.1.tgz",
            "integrity": "sha512-Ux4ygGWsu2c7isFWe8Yu1YluJmqVhxqK2cLXNQA5AcC3QfbGNpM7fu0Y8b/z16pXLnFxZYvWhd3fhBY9DLmC6Q==",
            "dev": true,
            "license": "MIT",
            "engines": {
                "node": ">=6"
            }
        }
    }
}
